
Microsoft Visual Studio Solution File, Format Version 12.00
# Visual Studio 15
VisualStudioVersion = 15.0.27004.2009
MinimumVisualStudioVersion = 10.0.40219.1
Project("{FAE04EC0-301F-11D3-BF4B-00C04F79EFBC}") = "ACIWEB_DESKTOP_REPORT", "ACIWEB_DESKTOP_REPORT\ACIWEB_DESKTOP_REPORT.csproj", "{DA71B708-8291-497D-892C-6EBA576CCA84}"
EndProject
Project("{54435603-DBB4-11D2-8724-00A0C9A8B90C}") = "SETUP", "Setup\Setup.vdproj", "{5C2EC49C-C82B-47AA-8F5C-2E364E73043F}"
EndProject
Project("{FAE04EC0-301F-11D3-BF4B-00C04F79EFBC}") = "AciSageLibrary", "AciSageLibrary\AciSageLibrary.csproj", "{CE39E100-891E-4B5A-9182-91D7121E8D72}"
EndProject
Project("{FAE04EC0-301F-11D3-BF4B-00C04F79EFBC}") = "AciSapLibrary", "AciSapLibrary\AciSapLibrary.csproj", "{B2DC6334-3190-4703-8914-D6A607F5AE4F}"
EndProject
Project("{FAE04EC0-301F-11D3-BF4B-00C04F79EFBC}") = "SFTPLibrary", "ClassLibrary1\SFTPLibrary.csproj", "{8F7C1C7A-6581-4477-8850-85A87A45080B}"
EndProject
Global
	GlobalSection(SolutionConfigurationPlatforms) = preSolution
		Debug|Any CPU = Debug|Any CPU
		Debug|ARM = Debug|ARM
		Debug|x64 = Debug|x64
		Debug|x86 = Debug|x86
		Release|Any CPU = Release|Any CPU
		Release|ARM = Release|ARM
		Release|x64 = Release|x64
		Release|x86 = Release|x86
	EndGlobalSection
	GlobalSection(ProjectConfigurationPlatforms) = postSolution
		{DA71B708-8291-497D-892C-6EBA576CCA84}.Debug|Any CPU.ActiveCfg = Debug|Any CPU
		{DA71B708-8291-497D-892C-6EBA576CCA84}.Debug|Any CPU.Build.0 = Debug|Any CPU
		{DA71B708-8291-497D-892C-6EBA576CCA84}.Debug|ARM.ActiveCfg = Debug|Any CPU
		{DA71B708-8291-497D-892C-6EBA576CCA84}.Debug|ARM.Build.0 = Debug|Any CPU
		{DA71B708-8291-497D-892C-6EBA576CCA84}.Debug|x64.ActiveCfg = Debug|Any CPU
		{DA71B708-8291-497D-892C-6EBA576CCA84}.Debug|x64.Build.0 = Debug|Any CPU
		{DA71B708-8291-497D-892C-6EBA576CCA84}.Debug|x86.ActiveCfg = Debug|Any CPU
		{DA71B708-8291-497D-892C-6EBA576CCA84}.Debug|x86.Build.0 = Debug|Any CPU
		{DA71B708-8291-497D-892C-6EBA576CCA84}.Release|Any CPU.ActiveCfg = Release|Any CPU
		{DA71B708-8291-497D-892C-6EBA576CCA84}.Release|Any CPU.Build.0 = Release|Any CPU
		{DA71B708-8291-497D-892C-6EBA576CCA84}.Release|ARM.ActiveCfg = Release|Any CPU
		{DA71B708-8291-497D-892C-6EBA576CCA84}.Release|ARM.Build.0 = Release|Any CPU
		{DA71B708-8291-497D-892C-6EBA576CCA84}.Release|x64.ActiveCfg = Release|Any CPU
		{DA71B708-8291-497D-892C-6EBA576CCA84}.Release|x64.Build.0 = Release|Any CPU
		{DA71B708-8291-497D-892C-6EBA576CCA84}.Release|x86.ActiveCfg = Release|Any CPU
		{DA71B708-8291-497D-892C-6EBA576CCA84}.Release|x86.Build.0 = Release|Any CPU
		{5C2EC49C-C82B-47AA-8F5C-2E364E73043F}.Debug|Any CPU.ActiveCfg = Debug
		{5C2EC49C-C82B-47AA-8F5C-2E364E73043F}.Debug|ARM.ActiveCfg = Debug
		{5C2EC49C-C82B-47AA-8F5C-2E364E73043F}.Debug|ARM.Build.0 = Debug
		{5C2EC49C-C82B-47AA-8F5C-2E364E73043F}.Debug|x64.ActiveCfg = Debug
		{5C2EC49C-C82B-47AA-8F5C-2E364E73043F}.Debug|x64.Build.0 = Debug
		{5C2EC49C-C82B-47AA-8F5C-2E364E73043F}.Debug|x86.ActiveCfg = Debug
		{5C2EC49C-C82B-47AA-8F5C-2E364E73043F}.Debug|x86.Build.0 = Debug
		{5C2EC49C-C82B-47AA-8F5C-2E364E73043F}.Release|Any CPU.ActiveCfg = Release
		{5C2EC49C-C82B-47AA-8F5C-2E364E73043F}.Release|ARM.ActiveCfg = Release
		{5C2EC49C-C82B-47AA-8F5C-2E364E73043F}.Release|ARM.Build.0 = Release
		{5C2EC49C-C82B-47AA-8F5C-2E364E73043F}.Release|x64.ActiveCfg = Release
		{5C2EC49C-C82B-47AA-8F5C-2E364E73043F}.Release|x64.Build.0 = Release
		{5C2EC49C-C82B-47AA-8F5C-2E364E73043F}.Release|x86.ActiveCfg = Release
		{5C2EC49C-C82B-47AA-8F5C-2E364E73043F}.Release|x86.Build.0 = Release
		{CE39E100-891E-4B5A-9182-91D7121E8D72}.Debug|Any CPU.ActiveCfg = Debug|Any CPU
		{CE39E100-891E-4B5A-9182-91D7121E8D72}.Debug|Any CPU.Build.0 = Debug|Any CPU
		{CE39E100-891E-4B5A-9182-91D7121E8D72}.Debug|ARM.ActiveCfg = Debug|Any CPU
		{CE39E100-891E-4B5A-9182-91D7121E8D72}.Debug|ARM.Build.0 = Debug|Any CPU
		{CE39E100-891E-4B5A-9182-91D7121E8D72}.Debug|x64.ActiveCfg = Debug|Any CPU
		{CE39E100-891E-4B5A-9182-91D7121E8D72}.Debug|x64.Build.0 = Debug|Any CPU
		{CE39E100-891E-4B5A-9182-91D7121E8D72}.Debug|x86.ActiveCfg = Debug|Any CPU
		{CE39E100-891E-4B5A-9182-91D7121E8D72}.Debug|x86.Build.0 = Debug|Any CPU
		{CE39E100-891E-4B5A-9182-91D7121E8D72}.Release|Any CPU.ActiveCfg = Release|Any CPU
		{CE39E100-891E-4B5A-9182-91D7121E8D72}.Release|Any CPU.Build.0 = Release|Any CPU
		{CE39E100-891E-4B5A-9182-91D7121E8D72}.Release|ARM.ActiveCfg = Release|Any CPU
		{CE39E100-891E-4B5A-9182-91D7121E8D72}.Release|ARM.Build.0 = Release|Any CPU
		{CE39E100-891E-4B5A-9182-91D7121E8D72}.Release|x64.ActiveCfg = Release|Any CPU
		{CE39E100-891E-4B5A-9182-91D7121E8D72}.Release|x64.Build.0 = Release|Any CPU
		{CE39E100-891E-4B5A-9182-91D7121E8D72}.Release|x86.ActiveCfg = Release|Any CPU
		{CE39E100-891E-4B5A-9182-91D7121E8D72}.Release|x86.Build.0 = Release|Any CPU
		{B2DC6334-3190-4703-8914-D6A607F5AE4F}.Debug|Any CPU.ActiveCfg = Debug|Any CPU
		{B2DC6334-3190-4703-8914-D6A607F5AE4F}.Debug|Any CPU.Build.0 = Debug|Any CPU
		{B2DC6334-3190-4703-8914-D6A607F5AE4F}.Debug|ARM.ActiveCfg = Debug|Any CPU
		{B2DC6334-3190-4703-8914-D6A607F5AE4F}.Debug|ARM.Build.0 = Debug|Any CPU
		{B2DC6334-3190-4703-8914-D6A607F5AE4F}.Debug|x64.ActiveCfg = Debug|Any CPU
		{B2DC6334-3190-4703-8914-D6A607F5AE4F}.Debug|x64.Build.0 = Debug|Any CPU
		{B2DC6334-3190-4703-8914-D6A607F5AE4F}.Debug|x86.ActiveCfg = Debug|Any CPU
		{B2DC6334-3190-4703-8914-D6A607F5AE4F}.Debug|x86.Build.0 = Debug|Any CPU
		{B2DC6334-3190-4703-8914-D6A607F5AE4F}.Release|Any CPU.ActiveCfg = Release|Any CPU
		{B2DC6334-3190-4703-8914-D6A607F5AE4F}.Release|Any CPU.Build.0 = Release|Any CPU
		{B2DC6334-3190-4703-8914-D6A607F5AE4F}.Release|ARM.ActiveCfg = Release|Any CPU
		{B2DC6334-3190-4703-8914-D6A607F5AE4F}.Release|ARM.Build.0 = Release|Any CPU
		{B2DC6334-3190-4703-8914-D6A607F5AE4F}.Release|x64.ActiveCfg = Release|Any CPU
		{B2DC6334-3190-4703-8914-D6A607F5AE4F}.Release|x64.Build.0 = Release|Any CPU
		{B2DC6334-3190-4703-8914-D6A607F5AE4F}.Release|x86.ActiveCfg = Release|Any CPU
		{B2DC6334-3190-4703-8914-D6A607F5AE4F}.Release|x86.Build.0 = Release|Any CPU
		{8F7C1C7A-6581-4477-8850-85A87A45080B}.Debug|Any CPU.ActiveCfg = Debug|Any CPU
		{8F7C1C7A-6581-4477-8850-85A87A45080B}.Debug|Any CPU.Build.0 = Debug|Any CPU
		{8F7C1C7A-6581-4477-8850-85A87A45080B}.Debug|ARM.ActiveCfg = Debug|Any CPU
		{8F7C1C7A-6581-4477-8850-85A87A45080B}.Debug|ARM.Build.0 = Debug|Any CPU
		{8F7C1C7A-6581-4477-8850-85A87A45080B}.Debug|x64.ActiveCfg = Debug|Any CPU
		{8F7C1C7A-6581-4477-8850-85A87A45080B}.Debug|x64.Build.0 = Debug|Any CPU
		{8F7C1C7A-6581-4477-8850-85A87A45080B}.Debug|x86.ActiveCfg = Debug|Any CPU
		{8F7C1C7A-6581-4477-8850-85A87A45080B}.Debug|x86.Build.0 = Debug|Any CPU
		{8F7C1C7A-6581-4477-8850-85A87A45080B}.Release|Any CPU.ActiveCfg = Release|Any CPU
		{8F7C1C7A-6581-4477-8850-85A87A45080B}.Release|Any CPU.Build.0 = Release|Any CPU
		{8F7C1C7A-6581-4477-8850-85A87A45080B}.Release|ARM.ActiveCfg = Release|Any CPU
		{8F7C1C7A-6581-4477-8850-85A87A45080B}.Release|ARM.Build.0 = Release|Any CPU
		{8F7C1C7A-6581-4477-8850-85A87A45080B}.Release|x64.ActiveCfg = Release|Any CPU
		{8F7C1C7A-6581-4477-8850-85A87A45080B}.Release|x64.Build.0 = Release|Any CPU
		{8F7C1C7A-6581-4477-8850-85A87A45080B}.Release|x86.ActiveCfg = Release|Any CPU
		{8F7C1C7A-6581-4477-8850-85A87A45080B}.Release|x86.Build.0 = Release|Any CPU
	EndGlobalSection
	GlobalSection(SolutionProperties) = preSolution
		HideSolutionNode = FALSE
	EndGlobalSection
	GlobalSection(ExtensibilityGlobals) = postSolution
		SolutionGuid = {ABE75289-3110-4F1F-80DD-78E3FACBC8F0}
	EndGlobalSection
EndGlobal
